{"1.2.0",
[{<<"nebulex">>,{pkg,<<"nebulex">>,<<"1.0.0">>},0},
 {<<"shards">>,{pkg,<<"shards">>,<<"0.6.0">>},1}]}.
[
{pkg_hash,[
 {<<"nebulex">>, <<"6D331F2711E8C318CACE41759C97FB8F9C1424ABAAC8DD1E1CA78A54CE9215B2">>},
 {<<"shards">>, <<"678D292AD74A4598A872930F9B12251F43E97F6050287F1FB712FBFD3D282F75">>}]},
{pkg_hash_ext,[
 {<<"nebulex">>, <<"CDD787E47244DABC89C118E93F3BD9C5D4211C3B38A07284175B190CAD232839">>},
 {<<"shards">>, <<"2D0C5F415708083B4F63762324A2B77FD457B9C11F00FB9E40E2A005469FE330">>}]}
].
