{"1.2.0",
[{<<"mnesia_rocksdb">>,
  {git,"https://github.com/aeternity/mnesia_rocksdb",
       {ref,"618870f4844b1981eaaa61437b497aae3969a880"}},
  0},
 {<<"rocksdb">>,{pkg,<<"rocksdb">>,<<"0.14.0">>},1},
 {<<"sext">>,{pkg,<<"sext">>,<<"1.4.1">>},1}]}.
[
{pkg_hash,[
 {<<"rocksdb">>, <<"C92B48703D4812C8BC571E0FBB7681F0899F35C4E4330F1CF646D79357A6AFE4">>},
 {<<"sext">>, <<"14559B219FAF11F9EBA7A350DFFC69C966C668439C54947A42D67167002798C4">>}]},
{pkg_hash_ext,[
 {<<"rocksdb">>, <<"C343AB54B20EF0204A6E410F7357C93C8E136EEDC5B9A245F143A885765D9796">>},
 {<<"sext">>, <<"D5BF1C63FD006137D8320F59CB1AF3B1B10B52940E67707CBBA6AB4BDB1A30D1">>}]}
].
