{"1.2.0",
[{<<"bear">>,{pkg,<<"bear">>,<<"0.8.5">>},3},
 {<<"folsom">>,{pkg,<<"folsom">>,<<"0.8.5">>},2},
 {<<"goldrush">>,{pkg,<<"goldrush">>,<<"0.1.9">>},3},
 {<<"hut">>,{pkg,<<"hut">>,<<"1.2.0">>},2},
 {<<"lager">>,{pkg,<<"lager">>,<<"3.5.1">>},2},
 {<<"setup">>,{pkg,<<"setup">>,<<"1.8.2">>},2}]}.
[
{pkg_hash,[
 {<<"bear">>, <<"E95FCA1627CD9E15BAF93CE0A52AFF16917BAF325F0EE65B88CD715376CD2344">>},
 {<<"folsom">>, <<"94A027B56FE84FEED264F9B33CB4C6AC9A801FAD84B87DBDA0836CE83C3B8D69">>},
 {<<"goldrush">>, <<"F06E5D5F1277DA5C413E84D5A2924174182FB108DABB39D5EC548B27424CD106">>},
 {<<"hut">>, <<"0089DF0FAA2827C605BBADA88153F24FFF5EA7A4BE32ECF0250A7FDC2719CAFB">>},
 {<<"lager">>, <<"63897A61AF646C59BB928FEE9756CE8BDD02D5A1A2F3551D4A5E38386C2CC071">>},
 {<<"setup">>, <<"14E66C480EA51D938527247C1D92C3EA5298826CF7FA7769C936BAD29E2C040E">>}]},
{pkg_hash_ext,[
 {<<"bear">>, <<"A2FFA70B82C3002DF30D01CB78B9B03D7524CD23008A0264962DE62C97F7AED4">>},
 {<<"folsom">>, <<"2381E94DF3D1FBC48281ABFD433EB14C8E4A5F62CA07DB5D87BB7A7204C9B1C9">>},
 {<<"goldrush">>, <<"99CB4128CFFCB3227581E5D4D803D5413FA643F4EB96523F77D9E6937D994CEB">>},
 {<<"hut">>, <<"097BA947258873DFB4C7697B44677F3AC87DAC76AD4A30C0440AFEFBC18EB233">>},
 {<<"lager">>, <<"D4B4324B9D07F4CF71A59B6E0F43E2D2651778D92AA5BEF68D5A8CDF6D213BA1">>},
 {<<"setup">>, <<"F003468CB80057F9D05098A0CB2E2448EA97FA229EF5E72D477DEFA134059CD7">>}]}
].
