[{<<"goldrush">>,
  {git,"git://github.com/DeadZen/goldrush.git",
       {ref,"71e63212f12c25827e0c1b4198d37d5d018a7fec"}},
  3},
 {<<"neotoma">>,
  {git,"git://github.com/seancribbs/neotoma.git",
       {ref,"760928ec8870da02eb11bccb501e2700925d06c6"}},
  2},
 {<<"lager">>,
  {git,"git://github.com/basho/lager.git",
       {ref,"b6b6cebcb27ccff8acc59ae775acebc2f52e4926"}},
  2},
 {<<"getopt">>,
  {git,"git://github.com/jcomellas/getopt.git",
       {ref,"626698975e63866156159661d100785d65eab6f9"}},
  2},
 {<<"cuttlefish">>,
  {git,"git://github.com/basho/cuttlefish.git",
       {ref,"b2ce0b15687f97259031f9f42e25ae52cdee3bab"}},
  1},
 {<<"procket">>,
  {git,"https://github.com/msantos/procket.git",
       {ref,"5a4be10836cd0cfc32f8d88bfed64e03796284e1"}},
  0},
 {<<"eleveldb">>,
  {git,"https://github.com/basho/eleveldb.git",
       {ref,"c0c9c887e67f696edc37dcc4f9f95fa132335c21"}},
  0}].
